
Microsoft Visual Studio Solution File, Format Version 12.00
# Visual Studio 15
VisualStudioVersion = 15.0.26730.12
MinimumVisualStudioVersion = 10.0.40219.1
Project("{888888A0-9F3D-457C-B088-3A5042F75D52}") = "IHSodin", "IHSodin\IHSodin.pyproj", "{EC1A8C30-948F-4BE1-B317-4B3C5D617ABD}"
EndProject
Project("{888888A0-9F3D-457C-B088-3A5042F75D52}") = "TestIHSodin", "TestIHSodin\TestIHSodin.pyproj", "{7AD04DA7-835B-451E-83E0-F6D970DBC749}"
EndProject
Global
	GlobalSection(SolutionConfigurationPlatforms) = preSolution
		Debug|Any CPU = Debug|Any CPU
		Release|Any CPU = Release|Any CPU
	EndGlobalSection
	GlobalSection(ProjectConfigurationPlatforms) = postSolution
		{EC1A8C30-948F-4BE1-B317-4B3C5D617ABD}.Debug|Any CPU.ActiveCfg = Debug|Any CPU
		{EC1A8C30-948F-4BE1-B317-4B3C5D617ABD}.Release|Any CPU.ActiveCfg = Release|Any CPU
		{7AD04DA7-835B-451E-83E0-F6D970DBC749}.Debug|Any CPU.ActiveCfg = Debug|Any CPU
		{7AD04DA7-835B-451E-83E0-F6D970DBC749}.Release|Any CPU.ActiveCfg = Release|Any CPU
	EndGlobalSection
	GlobalSection(SolutionProperties) = preSolution
		HideSolutionNode = FALSE
	EndGlobalSection
	GlobalSection(ExtensibilityGlobals) = postSolution
		SolutionGuid = {A15DAB84-B6B3-4C13-A010-231D48113AAF}
	EndGlobalSection
EndGlobal
